
Microsoft Visual Studio Solution File, Format Version 12.00
# Visual Studio Version 17
VisualStudioVersion = 17.5.33414.496
MinimumVisualStudioVersion = 10.0.40219.1
Project("{FAE04EC0-301F-11D3-BF4B-00C04F79EFBC}") = "FfxiParseToRules", "FfxiParseToRules.csproj", "{A8A87D64-9DF8-4719-A6BD-76E5981308C8}"
EndProject
Global
	GlobalSection(SolutionConfigurationPlatforms) = preSolution
		Debug|Any CPU = Debug|Any CPU
		Release|Any CPU = Release|Any CPU
	EndGlobalSection
	GlobalSection(ProjectConfigurationPlatforms) = postSolution
		{A8A87D64-9DF8-4719-A6BD-76E5981308C8}.Debug|Any CPU.ActiveCfg = Debug|Any CPU
		{A8A87D64-9DF8-4719-A6BD-76E5981308C8}.Debug|Any CPU.Build.0 = Debug|Any CPU
		{A8A87D64-9DF8-4719-A6BD-76E5981308C8}.Release|Any CPU.ActiveCfg = Release|Any CPU
		{A8A87D64-9DF8-4719-A6BD-76E5981308C8}.Release|Any CPU.Build.0 = Release|Any CPU
	EndGlobalSection
	GlobalSection(SolutionProperties) = preSolution
		HideSolutionNode = FALSE
	EndGlobalSection
	GlobalSection(ExtensibilityGlobals) = postSolution
		SolutionGuid = {B9E8BF79-19AB-4E4F-86D5-4AE5E938CE7F}
	EndGlobalSection
EndGlobal
